
Microsoft Visual Studio Solution File, Format Version 12.00
# Visual Studio Version 17
VisualStudioVersion = 17.14.36109.1 d17.14
MinimumVisualStudioVersion = 10.0.40219.1
Project("{FAE04EC0-301F-11D3-BF4B-00C04F79EFBC}") = "Пр4", "Пр4\Пр4.csproj", "{8841B2A5-9DC4-4818-AA91-205E11E1A377}"
EndProject
Global
	GlobalSection(SolutionConfigurationPlatforms) = preSolution
		Debug|Any CPU = Debug|Any CPU
		Release|Any CPU = Release|Any CPU
	EndGlobalSection
	GlobalSection(ProjectConfigurationPlatforms) = postSolution
		{8841B2A5-9DC4-4818-AA91-205E11E1A377}.Debug|Any CPU.ActiveCfg = Debug|Any CPU
		{8841B2A5-9DC4-4818-AA91-205E11E1A377}.Debug|Any CPU.Build.0 = Debug|Any CPU
		{8841B2A5-9DC4-4818-AA91-205E11E1A377}.Release|Any CPU.ActiveCfg = Release|Any CPU
		{8841B2A5-9DC4-4818-AA91-205E11E1A377}.Release|Any CPU.Build.0 = Release|Any CPU
	EndGlobalSection
	GlobalSection(SolutionProperties) = preSolution
		HideSolutionNode = FALSE
	EndGlobalSection
	GlobalSection(ExtensibilityGlobals) = postSolution
		SolutionGuid = {CDCD93CE-D262-4AA4-8649-C487014360E8}
	EndGlobalSection
EndGlobal
