
Microsoft Visual Studio Solution File, Format Version 12.00
# Visual Studio Version 17
VisualStudioVersion = 17.14.36109.1 d17.14
MinimumVisualStudioVersion = 10.0.40219.1
Project("{FAE04EC0-301F-11D3-BF4B-00C04F79EFBC}") = "Разработка линейной программы", "Разработка линейной программы\Разработка линейной программы.csproj", "{A46F2B0C-00A8-4AEB-A5F2-CB89E9BCAFCC}"
EndProject
Global
	GlobalSection(SolutionConfigurationPlatforms) = preSolution
		Debug|Any CPU = Debug|Any CPU
		Release|Any CPU = Release|Any CPU
	EndGlobalSection
	GlobalSection(ProjectConfigurationPlatforms) = postSolution
		{A46F2B0C-00A8-4AEB-A5F2-CB89E9BCAFCC}.Debug|Any CPU.ActiveCfg = Debug|Any CPU
		{A46F2B0C-00A8-4AEB-A5F2-CB89E9BCAFCC}.Debug|Any CPU.Build.0 = Debug|Any CPU
		{A46F2B0C-00A8-4AEB-A5F2-CB89E9BCAFCC}.Release|Any CPU.ActiveCfg = Release|Any CPU
		{A46F2B0C-00A8-4AEB-A5F2-CB89E9BCAFCC}.Release|Any CPU.Build.0 = Release|Any CPU
	EndGlobalSection
	GlobalSection(SolutionProperties) = preSolution
		HideSolutionNode = FALSE
	EndGlobalSection
	GlobalSection(ExtensibilityGlobals) = postSolution
		SolutionGuid = {361A6A3C-866D-49D7-90FD-097B7DA0BE7A}
	EndGlobalSection
EndGlobal
